Microsoft Visual Studio Solution File, Format Version 11.00
# Visual Studio 2008

Project("{EF3A7460-18EC-BC7A-4D22-CC2B45CE79C9}") = "LuminatorGame", "Assembly-CSharp-firstpass.csproj", "{DC4BFD95-4093-6650-A5AB-BEBE8BF31107}"
EndProject
Project("{EF3A7460-18EC-BC7A-4D22-CC2B45CE79C9}") = "LuminatorGame", "Assembly-CSharp.csproj", "{6FB2BF77-5E44-3CA9-2A3F-CB1263465401}"
EndProject
Project("{EF3A7460-18EC-BC7A-4D22-CC2B45CE79C9}") = "LuminatorGame", "Assembly-CSharp-Editor.csproj", "{D4358034-A172-B1B5-3851-464E85D9D002}"
EndProject
Project("{EF3A7460-18EC-BC7A-4D22-CC2B45CE79C9}") = "LuminatorGame", "Assembly-UnityScript-firstpass.unityproj", "{3121A96C-C74D-04BD-466C-C0FB785043C8}"
EndProject
Project("{EF3A7460-18EC-BC7A-4D22-CC2B45CE79C9}") = "LuminatorGame", "Assembly-UnityScript.unityproj", "{C87E416D-837A-9EC6-872A-2766504F9F7A}"
EndProject
Project("{EF3A7460-18EC-BC7A-4D22-CC2B45CE79C9}") = "LuminatorGame", "Assembly-UnityScript-Editor.unityproj", "{C96B4129-E91D-300F-505D-213969B43345}"
EndProject
Global
	GlobalSection(SolutionConfigurationPlatforms) = preSolution
		Debug|Any CPU = Debug|Any CPU
		Release|Any CPU = Release|Any CPU
	EndGlobalSection
	GlobalSection(ProjectConfigurationPlatforms) = postSolution
		{DC4BFD95-4093-6650-A5AB-BEBE8BF31107}.Debug|Any CPU.ActiveCfg = Debug|Any CPU
		{DC4BFD95-4093-6650-A5AB-BEBE8BF31107}.Debug|Any CPU.Build.0 = Debug|Any CPU
		{DC4BFD95-4093-6650-A5AB-BEBE8BF31107}.Release|Any CPU.ActiveCfg = Release|Any CPU
		{DC4BFD95-4093-6650-A5AB-BEBE8BF31107}.Release|Any CPU.Build.0 = Release|Any CPU
		{6FB2BF77-5E44-3CA9-2A3F-CB1263465401}.Debug|Any CPU.ActiveCfg = Debug|Any CPU
		{6FB2BF77-5E44-3CA9-2A3F-CB1263465401}.Debug|Any CPU.Build.0 = Debug|Any CPU
		{6FB2BF77-5E44-3CA9-2A3F-CB1263465401}.Release|Any CPU.ActiveCfg = Release|Any CPU
		{6FB2BF77-5E44-3CA9-2A3F-CB1263465401}.Release|Any CPU.Build.0 = Release|Any CPU
		{D4358034-A172-B1B5-3851-464E85D9D002}.Debug|Any CPU.ActiveCfg = Debug|Any CPU
		{D4358034-A172-B1B5-3851-464E85D9D002}.Debug|Any CPU.Build.0 = Debug|Any CPU
		{D4358034-A172-B1B5-3851-464E85D9D002}.Release|Any CPU.ActiveCfg = Release|Any CPU
		{D4358034-A172-B1B5-3851-464E85D9D002}.Release|Any CPU.Build.0 = Release|Any CPU
		{3121A96C-C74D-04BD-466C-C0FB785043C8}.Debug|Any CPU.ActiveCfg = Debug|Any CPU
		{3121A96C-C74D-04BD-466C-C0FB785043C8}.Debug|Any CPU.Build.0 = Debug|Any CPU
		{3121A96C-C74D-04BD-466C-C0FB785043C8}.Release|Any CPU.ActiveCfg = Release|Any CPU
		{3121A96C-C74D-04BD-466C-C0FB785043C8}.Release|Any CPU.Build.0 = Release|Any CPU
		{C87E416D-837A-9EC6-872A-2766504F9F7A}.Debug|Any CPU.ActiveCfg = Debug|Any CPU
		{C87E416D-837A-9EC6-872A-2766504F9F7A}.Debug|Any CPU.Build.0 = Debug|Any CPU
		{C87E416D-837A-9EC6-872A-2766504F9F7A}.Release|Any CPU.ActiveCfg = Release|Any CPU
		{C87E416D-837A-9EC6-872A-2766504F9F7A}.Release|Any CPU.Build.0 = Release|Any CPU
		{C96B4129-E91D-300F-505D-213969B43345}.Debug|Any CPU.ActiveCfg = Debug|Any CPU
		{C96B4129-E91D-300F-505D-213969B43345}.Debug|Any CPU.Build.0 = Debug|Any CPU
		{C96B4129-E91D-300F-505D-213969B43345}.Release|Any CPU.ActiveCfg = Release|Any CPU
		{C96B4129-E91D-300F-505D-213969B43345}.Release|Any CPU.Build.0 = Release|Any CPU
	EndGlobalSection
	GlobalSection(SolutionProperties) = preSolution
		HideSolutionNode = FALSE
	EndGlobalSection
																																																																																			GlobalSection(MonoDevelopProperties) = preSolution
=======
																																							GlobalSection(MonoDevelopProperties) = preSolution
>>>>>>> origin/master
		StartupItem = Assembly-CSharp.csproj
		Policies = $0
		$0.TextStylePolicy = $1
		$1.inheritsSet = null
		$1.scope = text/x-csharp
		$0.CSharpFormattingPolicy = $2
		$2.inheritsSet = Mono
		$2.inheritsScope = text/x-csharp
		$2.scope = text/x-csharp
		$0.TextStylePolicy = $3
		$3.FileWidth = 120
		$3.TabWidth = 4
		$3.EolMarker = Unix
		$3.inheritsSet = Mono
		$3.inheritsScope = text/plain
		$3.scope = text/plain
	EndGlobalSection

EndGlobal
